
Microsoft Visual Studio Solution File, Format Version 12.00
# Visual Studio Version 16
VisualStudioVersion = 16.0.29806.167
MinimumVisualStudioVersion = 10.0.40219.1
Project("{FAE04EC0-301F-11D3-BF4B-00C04F79EFBC}") = "Task5", "Task5\Task5.csproj", "{8B9E411C-D409-4B25-AAC7-FE0C9218A15B}"
EndProject
Project("{FAE04EC0-301F-11D3-BF4B-00C04F79EFBC}") = "DAL_EF", "DAL_EF\DAL_EF.csproj", "{E5D0EB6F-171A-4AC4-9DB0-9FA796658234}"
EndProject
Project("{FAE04EC0-301F-11D3-BF4B-00C04F79EFBC}") = "BLL", "BLL\BLL.csproj", "{412F0060-C5B6-479C-B183-6A4C64CE39F7}"
EndProject
Global
	GlobalSection(SolutionConfigurationPlatforms) = preSolution
		Debug|Any CPU = Debug|Any CPU
		Release|Any CPU = Release|Any CPU
	EndGlobalSection
	GlobalSection(ProjectConfigurationPlatforms) = postSolution
		{8B9E411C-D409-4B25-AAC7-FE0C9218A15B}.Debug|Any CPU.ActiveCfg = Debug|Any CPU
		{8B9E411C-D409-4B25-AAC7-FE0C9218A15B}.Debug|Any CPU.Build.0 = Debug|Any CPU
		{8B9E411C-D409-4B25-AAC7-FE0C9218A15B}.Release|Any CPU.ActiveCfg = Release|Any CPU
		{8B9E411C-D409-4B25-AAC7-FE0C9218A15B}.Release|Any CPU.Build.0 = Release|Any CPU
		{E5D0EB6F-171A-4AC4-9DB0-9FA796658234}.Debug|Any CPU.ActiveCfg = Debug|Any CPU
		{E5D0EB6F-171A-4AC4-9DB0-9FA796658234}.Debug|Any CPU.Build.0 = Debug|Any CPU
		{E5D0EB6F-171A-4AC4-9DB0-9FA796658234}.Release|Any CPU.ActiveCfg = Release|Any CPU
		{E5D0EB6F-171A-4AC4-9DB0-9FA796658234}.Release|Any CPU.Build.0 = Release|Any CPU
		{412F0060-C5B6-479C-B183-6A4C64CE39F7}.Debug|Any CPU.ActiveCfg = Debug|Any CPU
		{412F0060-C5B6-479C-B183-6A4C64CE39F7}.Debug|Any CPU.Build.0 = Debug|Any CPU
		{412F0060-C5B6-479C-B183-6A4C64CE39F7}.Release|Any CPU.ActiveCfg = Release|Any CPU
		{412F0060-C5B6-479C-B183-6A4C64CE39F7}.Release|Any CPU.Build.0 = Release|Any CPU
	EndGlobalSection
	GlobalSection(SolutionProperties) = preSolution
		HideSolutionNode = FALSE
	EndGlobalSection
	GlobalSection(ExtensibilityGlobals) = postSolution
		SolutionGuid = {CFEDD552-CB09-4D40-8DE9-E416E181AE65}
	EndGlobalSection
EndGlobal
